
Microsoft Visual Studio Solution File, Format Version 12.00
# Visual Studio 15
VisualStudioVersion = 15.0.26730.10
MinimumVisualStudioVersion = 10.0.40219.1
Project("{9092AA53-FB77-4645-B42D-1CCCA6BD08BD}") = "NodejsWebApp2", "NodejsWebApp2.njsproj", "{38C7E7C4-68F7-4CD8-9D31-5E352C006BD2}"
EndProject
Global
	GlobalSection(SolutionConfigurationPlatforms) = preSolution
		Debug|Any CPU = Debug|Any CPU
		Release|Any CPU = Release|Any CPU
	EndGlobalSection
	GlobalSection(ProjectConfigurationPlatforms) = postSolution
		{38C7E7C4-68F7-4CD8-9D31-5E352C006BD2}.Debug|Any CPU.ActiveCfg = Debug|Any CPU
		{38C7E7C4-68F7-4CD8-9D31-5E352C006BD2}.Debug|Any CPU.Build.0 = Debug|Any CPU
		{38C7E7C4-68F7-4CD8-9D31-5E352C006BD2}.Release|Any CPU.ActiveCfg = Release|Any CPU
		{38C7E7C4-68F7-4CD8-9D31-5E352C006BD2}.Release|Any CPU.Build.0 = Release|Any CPU
	EndGlobalSection
	GlobalSection(SolutionProperties) = preSolution
		HideSolutionNode = FALSE
	EndGlobalSection
	GlobalSection(ExtensibilityGlobals) = postSolution
		SolutionGuid = {DED6690F-07A2-4AA6-9EAA-FDDDF44170BE}
	EndGlobalSection
EndGlobal
